
Microsoft Visual Studio Solution File, Format Version 12.00
# Visual Studio Version 17
VisualStudioVersion = 17.12.35521.163
MinimumVisualStudioVersion = 10.0.40219.1
Project("{2150E333-8FDC-42A3-9474-1A3956D46DE8}") = "Application", "Application", "{8019B96B-5560-4CDD-BA98-EA4448613B21}"
EndProject
Project("{2150E333-8FDC-42A3-9474-1A3956D46DE8}") = "Api", "Api", "{3F26B853-8E08-4720-A8FC-4A23CCA0D116}"
EndProject
Project("{2150E333-8FDC-42A3-9474-1A3956D46DE8}") = "Domain", "Domain", "{F850F514-E2F3-4F46-ADB9-E0467E4350A1}"
EndProject
Project("{2150E333-8FDC-42A3-9474-1A3956D46DE8}") = "Infrastructure", "Infrastructure", "{9E2504B8-6037-44FD-8041-F2533904D8AF}"
EndProject
Project("{FAE04EC0-301F-11D3-BF4B-00C04F79EFBC}") = "HealthMed.Domain", "HealthMed.Domain\HealthMed.Domain.csproj", "{B7185CAF-6F6C-44A6-BAFD-1DF878CC3159}"
EndProject
Project("{FAE04EC0-301F-11D3-BF4B-00C04F79EFBC}") = "HealthMed.Infrastructure", "HealthMed.Infrastructure\HealthMed.Infrastructure.csproj", "{F4E7598A-8EDD-4031-8588-DA1CF629B162}"
EndProject
Project("{FAE04EC0-301F-11D3-BF4B-00C04F79EFBC}") = "HealthMed.Application", "HealthMed.Application\HealthMed.Application.csproj", "{6C3BDAC4-83C1-46BB-AB93-4B0151F6A2C4}"
EndProject
Project("{FAE04EC0-301F-11D3-BF4B-00C04F79EFBC}") = "HealthMed.Api", "HealthMed.Api\HealthMed.Api.csproj", "{BCAA8A7A-6E52-4019-9543-24F81280D9A5}"
	ProjectSection(ProjectDependencies) = postProject
		{B7185CAF-6F6C-44A6-BAFD-1DF878CC3159} = {B7185CAF-6F6C-44A6-BAFD-1DF878CC3159}
	EndProjectSection
EndProject
Global
	GlobalSection(SolutionConfigurationPlatforms) = preSolution
		Debug|Any CPU = Debug|Any CPU
		Release|Any CPU = Release|Any CPU
	EndGlobalSection
	GlobalSection(ProjectConfigurationPlatforms) = postSolution
		{B7185CAF-6F6C-44A6-BAFD-1DF878CC3159}.Debug|Any CPU.ActiveCfg = Debug|Any CPU
		{B7185CAF-6F6C-44A6-BAFD-1DF878CC3159}.Debug|Any CPU.Build.0 = Debug|Any CPU
		{B7185CAF-6F6C-44A6-BAFD-1DF878CC3159}.Release|Any CPU.ActiveCfg = Release|Any CPU
		{B7185CAF-6F6C-44A6-BAFD-1DF878CC3159}.Release|Any CPU.Build.0 = Release|Any CPU
		{F4E7598A-8EDD-4031-8588-DA1CF629B162}.Debug|Any CPU.ActiveCfg = Debug|Any CPU
		{F4E7598A-8EDD-4031-8588-DA1CF629B162}.Debug|Any CPU.Build.0 = Debug|Any CPU
		{F4E7598A-8EDD-4031-8588-DA1CF629B162}.Release|Any CPU.ActiveCfg = Release|Any CPU
		{F4E7598A-8EDD-4031-8588-DA1CF629B162}.Release|Any CPU.Build.0 = Release|Any CPU
		{6C3BDAC4-83C1-46BB-AB93-4B0151F6A2C4}.Debug|Any CPU.ActiveCfg = Debug|Any CPU
		{6C3BDAC4-83C1-46BB-AB93-4B0151F6A2C4}.Debug|Any CPU.Build.0 = Debug|Any CPU
		{6C3BDAC4-83C1-46BB-AB93-4B0151F6A2C4}.Release|Any CPU.ActiveCfg = Release|Any CPU
		{6C3BDAC4-83C1-46BB-AB93-4B0151F6A2C4}.Release|Any CPU.Build.0 = Release|Any CPU
		{BCAA8A7A-6E52-4019-9543-24F81280D9A5}.Debug|Any CPU.ActiveCfg = Debug|Any CPU
		{BCAA8A7A-6E52-4019-9543-24F81280D9A5}.Debug|Any CPU.Build.0 = Debug|Any CPU
		{BCAA8A7A-6E52-4019-9543-24F81280D9A5}.Release|Any CPU.ActiveCfg = Release|Any CPU
		{BCAA8A7A-6E52-4019-9543-24F81280D9A5}.Release|Any CPU.Build.0 = Release|Any CPU
	EndGlobalSection
	GlobalSection(SolutionProperties) = preSolution
		HideSolutionNode = FALSE
	EndGlobalSection
	GlobalSection(NestedProjects) = preSolution
		{B7185CAF-6F6C-44A6-BAFD-1DF878CC3159} = {F850F514-E2F3-4F46-ADB9-E0467E4350A1}
		{F4E7598A-8EDD-4031-8588-DA1CF629B162} = {9E2504B8-6037-44FD-8041-F2533904D8AF}
		{6C3BDAC4-83C1-46BB-AB93-4B0151F6A2C4} = {8019B96B-5560-4CDD-BA98-EA4448613B21}
		{BCAA8A7A-6E52-4019-9543-24F81280D9A5} = {3F26B853-8E08-4720-A8FC-4A23CCA0D116}
	EndGlobalSection
	GlobalSection(ExtensibilityGlobals) = postSolution
		SolutionGuid = {26B8B66C-F8A6-4965-AB93-C212F3368D7C}
	EndGlobalSection
EndGlobal
